
Microsoft Visual Studio Solution File, Format Version 12.00
# Visual Studio Version 16
VisualStudioVersion = 16.0.30804.86
MinimumVisualStudioVersion = 10.0.40219.1
Project("{FAE04EC0-301F-11D3-BF4B-00C04F79EFBC}") = "GESECOSite", "GESECOSite\GESECOSite.csproj", "{77E08867-9ECB-42B0-A96E-B3911EC062A7}"
EndProject
Global
	GlobalSection(SolutionConfigurationPlatforms) = preSolution
		Debug|Any CPU = Debug|Any CPU
		Release|Any CPU = Release|Any CPU
	EndGlobalSection
	GlobalSection(ProjectConfigurationPlatforms) = postSolution
		{77E08867-9ECB-42B0-A96E-B3911EC062A7}.Debug|Any CPU.ActiveCfg = Debug|Any CPU
		{77E08867-9ECB-42B0-A96E-B3911EC062A7}.Debug|Any CPU.Build.0 = Debug|Any CPU
		{77E08867-9ECB-42B0-A96E-B3911EC062A7}.Release|Any CPU.ActiveCfg = Release|Any CPU
		{77E08867-9ECB-42B0-A96E-B3911EC062A7}.Release|Any CPU.Build.0 = Release|Any CPU
	EndGlobalSection
	GlobalSection(SolutionProperties) = preSolution
		HideSolutionNode = FALSE
	EndGlobalSection
	GlobalSection(ExtensibilityGlobals) = postSolution
		SolutionGuid = {6FF50AFF-08DC-45C4-95BB-A4A96F5CF37C}
	EndGlobalSection
EndGlobal
